# This file is autogenerated, do not edit; changes may be undone by the next 'dep ensure'.


[[projects]]
  name = "bitbucket.org/cloudcoreo/vss-inventory-service"
  packages = ["storage/index/search/parser/v1"]
  revision = "896f9a555f4c705f775b679864c4a66b639429ae"
  version = "93"

[[projects]]
  name = "github.com/antlr/antlr4"
  packages = ["runtime/Go/antlr"]
  revision = "7a3f40bc341ddfb463d6e0aa1a6265064d020cb6"
  version = "4.8"

[[projects]]
  name = "github.com/mailru/easyjson"
  packages = [
    ".",
    "buffer",
    "jlexer",
    "jwriter"
  ]
  revision = "8edcc4e51f39ddbd3505a3386aff3f435a7fd028"
  version = "v0.7.1"

[[projects]]
  name = "github.com/olivere/elastic"
  packages = [
    ".",
    "config",
    "uritemplates"
  ]
  revision = "d7ed85d223ef32bd5ca4c324c444faf5001236fb"
  version = "v6.2.27"

[[projects]]
  name = "github.com/pkg/errors"
  packages = ["."]
  revision = "614d223910a179a466c1767a985424175c39b465"
  version = "v0.9.1"

[solve-meta]
  analyzer-name = "dep"
  analyzer-version = 1
  inputs-digest = "365b005598a60dfe3fcc6cca07f58c60517a0ce1ba65de2ae57f9f706964517e"
  solver-name = "gps-cdcl"
  solver-version = 1
